PODS:
  - CorePlot (2.2)
  - JABLE (0.3.0)

DEPENDENCIES:
  - CorePlot
  - JABLE (from `/Users/jbak688/Library/Mobile Documents/com~apple~CloudDocs/iOS Development/CodeLibraries/Pods/JABLE`)

SPEC REPOS:
  https://github.com/cocoapods/specs.git:
    - CorePlot

EXTERNAL SOURCES:
  JABLE:
    :branch: develop
    :path: "/Users/jbak688/Library/Mobile Documents/com~apple~CloudDocs/iOS Development/CodeLibraries/Pods/JABLE"

SPEC CHECKSUMS:
  CorePlot: cbe0c6e14220705e32e06a89c7d6a5a908b7d7d8
  JABLE: 1eb6b8fb4de185efdfd23dbb3b14f76a77d00eff

PODFILE CHECKSUM: c18106e9006077a81bd4f08b1a146ed35ef901e5

COCOAPODS: 1.5.3
