// !$*UTF8*$!
{
	archiveVersion = 1;
	classes = {
	};
	objectVersion = 46;
	objects = {

/* Begin PBXBuildFile section */
		607FACD61AFB9204008FA782 /* AppDelegate.swift in Sources */ = {isa = PBXBuildFile; fileRef = 607FACD51AFB9204008FA782 /* AppDelegate.swift */; };
		607FACD81AFB9204008FA782 /* ViewController.swift in Sources */ = {isa = PBXBuildFile; fileRef = 607FACD71AFB9204008FA782 /* ViewController.swift */; };
		607FACDB1AFB9204008FA782 /* Main.storyboard in Resources */ = {isa = PBXBuildFile; fileRef = 607FACD91AFB9204008FA782 /* Main.storyboard */; };
		607FACDD1AFB9204008FA782 /* Images.xcassets in Resources */ = {isa = PBXBuildFile; fileRef = 607FACDC1AFB9204008FA782 /* Images.xcassets */; };
		607FACE01AFB9204008FA782 /* LaunchScreen.xib in Resources */ = {isa = PBXBuildFile; fileRef = 607FACDE1AFB9204008FA782 /* LaunchScreen.xib */; };
		607FACEC1AFB9204008FA782 /* Tests.swift in Sources */ = {isa = PBXBuildFile; fileRef = 607FACEB1AFB9204008FA782 /* Tests.swift */; };
		690A7030DBAD99E49C7C6740 /* Pods_JABLE_Tests.framework in Frameworks */ = {isa = PBXBuildFile; fileRef = 8FC2750518340E756D300C24 /* Pods_JABLE_Tests.framework */; };
		CF64C77D2772D693CACAB7CF /* Pods_JABLE_Example.framework in Frameworks */ = {isa = PBXBuildFile; fileRef = DA3CF0D40C583C7E8FCA9794 /* Pods_JABLE_Example.framework */; };
		E01A7F26214D846A00271C14 /* PeripheralScanViewController.swift in Sources */ = {isa = PBXBuildFile; fileRef = E01A7F25214D846A00271C14 /* PeripheralScanViewController.swift */; };
		E01A7F2B214D84C000271C14 /* PeripheralScanViewModel.swift in Sources */ = {isa = PBXBuildFile; fileRef = E01A7F2A214D84C000271C14 /* PeripheralScanViewModel.swift */; };
		E01A7F45214DA49E00271C14 /* AppNavigationController.swift in Sources */ = {isa = PBXBuildFile; fileRef = E01A7F44214DA49E00271C14 /* AppNavigationController.swift */; };
		E01A7F47214DA4E600271C14 /* MenuLevelController.swift in Sources */ = {isa = PBXBuildFile; fileRef = E01A7F46214DA4E600271C14 /* MenuLevelController.swift */; };
		E01A7F49214DA52E00271C14 /* SideNavigationViewController.swift in Sources */ = {isa = PBXBuildFile; fileRef = E01A7F48214DA52E00271C14 /* SideNavigationViewController.swift */; };
		E01A7F4B214DA5B500271C14 /* SideNavigationTableViewCell.swift in Sources */ = {isa = PBXBuildFile; fileRef = E01A7F4A214DA5B500271C14 /* SideNavigationTableViewCell.swift */; };
		E01A7F4F214DA70900271C14 /* HomeViewController.swift in Sources */ = {isa = PBXBuildFile; fileRef = E01A7F4E214DA70900271C14 /* HomeViewController.swift */; };
		E01A7F56214FD21C00271C14 /* GattProfileViewController.swift in Sources */ = {isa = PBXBuildFile; fileRef = E01A7F55214FD21C00271C14 /* GattProfileViewController.swift */; };
		E03BC7E2214ABCD400291840 /* JablePlotView.swift in Sources */ = {isa = PBXBuildFile; fileRef = E03BC7E1214ABCD400291840 /* JablePlotView.swift */; };
		E03BC7E4214AF43E00291840 /* ScatterPlotController.swift in Sources */ = {isa = PBXBuildFile; fileRef = E03BC7E3214AF43E00291840 /* ScatterPlotController.swift */; };
		E03BC7E5214AF54400291840 /* ScatterPlotController.swift in Sources */ = {isa = PBXBuildFile; fileRef = E03BC7E3214AF43E00291840 /* ScatterPlotController.swift */; };
		E03BC7E9214C32E200291840 /* JablePlotStyles.swift in Sources */ = {isa = PBXBuildFile; fileRef = E03BC7E8214C32E100291840 /* JablePlotStyles.swift */; };
		E05B92F021495FE200815B41 /* JableCollectionViewManager.swift in Sources */ = {isa = PBXBuildFile; fileRef = E05B92EF21495FE200815B41 /* JableCollectionViewManager.swift */; };
		E05B92F4214979BD00815B41 /* DeviceDiscoveryViewModel.swift in Sources */ = {isa = PBXBuildFile; fileRef = E05B92F3214979BD00815B41 /* DeviceDiscoveryViewModel.swift */; };
		E05D1EF520654B0800E9385A /* GattExample.swift in Sources */ = {isa = PBXBuildFile; fileRef = E05D1EF420654B0800E9385A /* GattExample.swift */; };
		E0A4301E204A03640008F6F0 /* BLEManager.swift in Sources */ = {isa = PBXBuildFile; fileRef = E0A4301D204A03640008F6F0 /* BLEManager.swift */; };
		E0DEB637214AAB6600A743D8 /* ColorExtensions.swift in Sources */ = {isa = PBXBuildFile; fileRef = E0DEB636214AAB6600A743D8 /* ColorExtensions.swift */; };
		E0ECBE5F2149342F00646224 /* Bindable.swift in Sources */ = {isa = PBXBuildFile; fileRef = E0ECBE5E2149342F00646224 /* Bindable.swift */; };
		E0ECBE6C214957E700646224 /* JableTableViewCell.swift in Sources */ = {isa = PBXBuildFile; fileRef = E0ECBE6B214957E700646224 /* JableTableViewCell.swift */; };
/* End PBXBuildFile section */

/* Begin PBXContainerItemProxy section */
		607FACE61AFB9204008FA782 /* PBXContainerItemProxy */ = {
			isa = PBXContainerItemProxy;
			containerPortal = 607FACC81AFB9204008FA782 /* Project object */;
			proxyType = 1;
			remoteGlobalIDString = 607FACCF1AFB9204008FA782;
			remoteInfo = JABLE;
		};
/* End PBXContainerItemProxy section */

/* Begin PBXFileReference section */
		10A9D40C981FE99CE6F27AD1 /* Pods-JABLE_Example.debug.xcconfig */ = {isa = PBXFileReference; includeInIndex = 1; lastKnownFileType = text.xcconfig; name = "Pods-JABLE_Example.debug.xcconfig"; path = "Pods/Target Support Files/Pods-JABLE_Example/Pods-JABLE_Example.debug.xcconfig"; sourceTree = "<group>"; };
		2B97B3E01228C17BEA9ACA8A /* README.md */ = {isa = PBXFileReference; includeInIndex = 1; lastKnownFileType = net.daringfireball.markdown; name = README.md; path = ../README.md; sourceTree = "<group>"; };
		607FACD01AFB9204008FA782 /* JABLE_Example.app */ = {isa = PBXFileReference; explicitFileType = wrapper.application; includeInIndex = 0; path = JABLE_Example.app; sourceTree = BUILT_PRODUCTS_DIR; };
		607FACD41AFB9204008FA782 /* Info.plist */ = {isa = PBXFileReference; lastKnownFileType = text.plist.xml; path = Info.plist; sourceTree = "<group>"; };
		607FACD51AFB9204008FA782 /* AppDelegate.swift */ = {isa = PBXFileReference; lastKnownFileType = sourcecode.swift; path = AppDelegate.swift; sourceTree = "<group>"; };
		607FACD71AFB9204008FA782 /* ViewController.swift */ = {isa = PBXFileReference; lastKnownFileType = sourcecode.swift; path = ViewController.swift; sourceTree = "<group>"; };
		607FACDA1AFB9204008FA782 /* Base */ = {isa = PBXFileReference; lastKnownFileType = file.storyboard; name = Base; path = Base.lproj/Main.storyboard; sourceTree = "<group>"; };
		607FACDC1AFB9204008FA782 /* Images.xcassets */ = {isa = PBXFileReference; lastKnownFileType = folder.assetcatalog; path = Images.xcassets; sourceTree = "<group>"; };
		607FACDF1AFB9204008FA782 /* Base */ = {isa = PBXFileReference; lastKnownFileType = file.xib; name = Base; path = Base.lproj/LaunchScreen.xib; sourceTree = "<group>"; };
		607FACE51AFB9204008FA782 /* JABLE_Tests.xctest */ = {isa = PBXFileReference; explicitFileType = wrapper.cfbundle; includeInIndex = 0; path = JABLE_Tests.xctest; sourceTree = BUILT_PRODUCTS_DIR; };
		607FACEA1AFB9204008FA782 /* Info.plist */ = {isa = PBXFileReference; lastKnownFileType = text.plist.xml; path = Info.plist; sourceTree = "<group>"; };
		607FACEB1AFB9204008FA782 /* Tests.swift */ = {isa = PBXFileReference; lastKnownFileType = sourcecode.swift; path = Tests.swift; sourceTree = "<group>"; };
		750479AEA23B4AD50EC2FB43 /* Pods-JABLE_Tests.release.xcconfig */ = {isa = PBXFileReference; includeInIndex = 1; lastKnownFileType = text.xcconfig; name = "Pods-JABLE_Tests.release.xcconfig"; path = "Pods/Target Support Files/Pods-JABLE_Tests/Pods-JABLE_Tests.release.xcconfig"; sourceTree = "<group>"; };
		755F42DFD84DF55132A6697E /* JABLE.podspec */ = {isa = PBXFileReference; includeInIndex = 1; lastKnownFileType = text; name = JABLE.podspec; path = ../JABLE.podspec; sourceTree = "<group>"; xcLanguageSpecificationIdentifier = xcode.lang.ruby; };
		8FC2750518340E756D300C24 /* Pods_JABLE_Tests.framework */ = {isa = PBXFileReference; explicitFileType = wrapper.framework; includeInIndex = 0; path = Pods_JABLE_Tests.framework; sourceTree = BUILT_PRODUCTS_DIR; };
		AB861AC1599CEF598F3F7AB7 /* Pods-JABLE_Example.release.xcconfig */ = {isa = PBXFileReference; includeInIndex = 1; lastKnownFileType = text.xcconfig; name = "Pods-JABLE_Example.release.xcconfig"; path = "Pods/Target Support Files/Pods-JABLE_Example/Pods-JABLE_Example.release.xcconfig"; sourceTree = "<group>"; };
		C48E591B0D127861D29AE2E1 /* LICENSE */ = {isa = PBXFileReference; includeInIndex = 1; lastKnownFileType = text; name = LICENSE; path = ../LICENSE; sourceTree = "<group>"; };
		DA3CF0D40C583C7E8FCA9794 /* Pods_JABLE_Example.framework */ = {isa = PBXFileReference; explicitFileType = wrapper.framework; includeInIndex = 0; path = Pods_JABLE_Example.framework; sourceTree = BUILT_PRODUCTS_DIR; };
		E01A7F25214D846A00271C14 /* PeripheralScanViewController.swift */ = {isa = PBXFileReference; lastKnownFileType = sourcecode.swift; path = PeripheralScanViewController.swift; sourceTree = "<group>"; };
		E01A7F2A214D84C000271C14 /* PeripheralScanViewModel.swift */ = {isa = PBXFileReference; lastKnownFileType = sourcecode.swift; path = PeripheralScanViewModel.swift; sourceTree = "<group>"; };
		E01A7F44214DA49E00271C14 /* AppNavigationController.swift */ = {isa = PBXFileReference; lastKnownFileType = sourcecode.swift; path = AppNavigationController.swift; sourceTree = "<group>"; };
		E01A7F46214DA4E600271C14 /* MenuLevelController.swift */ = {isa = PBXFileReference; lastKnownFileType = sourcecode.swift; path = MenuLevelController.swift; sourceTree = "<group>"; };
		E01A7F48214DA52E00271C14 /* SideNavigationViewController.swift */ = {isa = PBXFileReference; lastKnownFileType = sourcecode.swift; path = SideNavigationViewController.swift; sourceTree = "<group>"; };
		E01A7F4A214DA5B500271C14 /* SideNavigationTableViewCell.swift */ = {isa = PBXFileReference; lastKnownFileType = sourcecode.swift; path = SideNavigationTableViewCell.swift; sourceTree = "<group>"; };
		E01A7F4E214DA70900271C14 /* HomeViewController.swift */ = {isa = PBXFileReference; lastKnownFileType = sourcecode.swift; path = HomeViewController.swift; sourceTree = "<group>"; };
		E01A7F55214FD21C00271C14 /* GattProfileViewController.swift */ = {isa = PBXFileReference; lastKnownFileType = sourcecode.swift; path = GattProfileViewController.swift; sourceTree = "<group>"; };
		E03BC7E1214ABCD400291840 /* JablePlotView.swift */ = {isa = PBXFileReference; lastKnownFileType = sourcecode.swift; path = JablePlotView.swift; sourceTree = "<group>"; };
		E03BC7E3214AF43E00291840 /* ScatterPlotController.swift */ = {isa = PBXFileReference; lastKnownFileType = sourcecode.swift; path = ScatterPlotController.swift; sourceTree = "<group>"; };
		E03BC7E8214C32E100291840 /* JablePlotStyles.swift */ = {isa = PBXFileReference; lastKnownFileType = sourcecode.swift; path = JablePlotStyles.swift; sourceTree = "<group>"; };
		E05B92EF21495FE200815B41 /* JableCollectionViewManager.swift */ = {isa = PBXFileReference; lastKnownFileType = sourcecode.swift; path = JableCollectionViewManager.swift; sourceTree = "<group>"; };
		E05B92F3214979BD00815B41 /* DeviceDiscoveryViewModel.swift */ = {isa = PBXFileReference; lastKnownFileType = sourcecode.swift; path = DeviceDiscoveryViewModel.swift; sourceTree = "<group>"; };
		E05D1EF420654B0800E9385A /* GattExample.swift */ = {isa = PBXFileReference; lastKnownFileType = sourcecode.swift; path = GattExample.swift; sourceTree = "<group>"; };
		E0A4301D204A03640008F6F0 /* BLEManager.swift */ = {isa = PBXFileReference; lastKnownFileType = sourcecode.swift; path = BLEManager.swift; sourceTree = "<group>"; };
		E0DEB636214AAB6600A743D8 /* ColorExtensions.swift */ = {isa = PBXFileReference; lastKnownFileType = sourcecode.swift; path = ColorExtensions.swift; sourceTree = "<group>"; };
		E0ECBE5E2149342F00646224 /* Bindable.swift */ = {isa = PBXFileReference; lastKnownFileType = sourcecode.swift; path = Bindable.swift; sourceTree = "<group>"; };
		E0ECBE6B214957E700646224 /* JableTableViewCell.swift */ = {isa = PBXFileReference; lastKnownFileType = sourcecode.swift; path = JableTableViewCell.swift; sourceTree = "<group>"; };
		F277B0CE5E00AB8DA00BF97F /* Pods-JABLE_Tests.debug.xcconfig */ = {isa = PBXFileReference; includeInIndex = 1; lastKnownFileType = text.xcconfig; name = "Pods-JABLE_Tests.debug.xcconfig"; path = "Pods/Target Support Files/Pods-JABLE_Tests/Pods-JABLE_Tests.debug.xcconfig"; sourceTree = "<group>"; };
/* End PBXFileReference section */

/* Begin PBXFrameworksBuildPhase section */
		607FACCD1AFB9204008FA782 /* Frameworks */ = {
			isa = PBXFrameworksBuildPhase;
			buildActionMask = 2147483647;
			files = (
				CF64C77D2772D693CACAB7CF /* Pods_JABLE_Example.framework in Frameworks */,
			);
			runOnlyForDeploymentPostprocessing = 0;
		};
		607FACE21AFB9204008FA782 /* Frameworks */ = {
			isa = PBXFrameworksBuildPhase;
			buildActionMask = 2147483647;
			files = (
				690A7030DBAD99E49C7C6740 /* Pods_JABLE_Tests.framework in Frameworks */,
			);
			runOnlyForDeploymentPostprocessing = 0;
		};
/* End PBXFrameworksBuildPhase section */

/* Begin PBXGroup section */
		25A1F9284B2AD7E4ECA4A55E /* Pods */ = {
			isa = PBXGroup;
			children = (
				10A9D40C981FE99CE6F27AD1 /* Pods-JABLE_Example.debug.xcconfig */,
				AB861AC1599CEF598F3F7AB7 /* Pods-JABLE_Example.release.xcconfig */,
				F277B0CE5E00AB8DA00BF97F /* Pods-JABLE_Tests.debug.xcconfig */,
				750479AEA23B4AD50EC2FB43 /* Pods-JABLE_Tests.release.xcconfig */,
			);
			name = Pods;
			sourceTree = "<group>";
		};
		3F3DC6B5B4602A231321326F /* Frameworks */ = {
			isa = PBXGroup;
			children = (
				DA3CF0D40C583C7E8FCA9794 /* Pods_JABLE_Example.framework */,
				8FC2750518340E756D300C24 /* Pods_JABLE_Tests.framework */,
			);
			name = Frameworks;
			sourceTree = "<group>";
		};
		607FACC71AFB9204008FA782 = {
			isa = PBXGroup;
			children = (
				607FACF51AFB993E008FA782 /* Podspec Metadata */,
				607FACD21AFB9204008FA782 /* Example for JABLE */,
				607FACE81AFB9204008FA782 /* Tests */,
				607FACD11AFB9204008FA782 /* Products */,
				25A1F9284B2AD7E4ECA4A55E /* Pods */,
				3F3DC6B5B4602A231321326F /* Frameworks */,
			);
			sourceTree = "<group>";
		};
		607FACD11AFB9204008FA782 /* Products */ = {
			isa = PBXGroup;
			children = (
				607FACD01AFB9204008FA782 /* JABLE_Example.app */,
				607FACE51AFB9204008FA782 /* JABLE_Tests.xctest */,
			);
			name = Products;
			sourceTree = "<group>";
		};
		607FACD21AFB9204008FA782 /* Example for JABLE */ = {
			isa = PBXGroup;
			children = (
				607FACD91AFB9204008FA782 /* Main.storyboard */,
				E01A7F43214DA43D00271C14 /* AppNavigation */,
				E03BC7E0214AB8F800291840 /* MVVM */,
				E0A4301D204A03640008F6F0 /* BLEManager.swift */,
				E05D1EF420654B0800E9385A /* GattExample.swift */,
				607FACD31AFB9204008FA782 /* Supporting Files */,
			);
			name = "Example for JABLE";
			path = JABLE;
			sourceTree = "<group>";
		};
		607FACD31AFB9204008FA782 /* Supporting Files */ = {
			isa = PBXGroup;
			children = (
				E05B92F3214979BD00815B41 /* DeviceDiscoveryViewModel.swift */,
				607FACD71AFB9204008FA782 /* ViewController.swift */,
				E0ECBE6A214957AE00646224 /* JableUI */,
				E0F35E10214AAADC0032F8F7 /* Extensions */,
				607FACD41AFB9204008FA782 /* Info.plist */,
				607FACD51AFB9204008FA782 /* AppDelegate.swift */,
				607FACDC1AFB9204008FA782 /* Images.xcassets */,
				607FACDE1AFB9204008FA782 /* LaunchScreen.xib */,
				E0ECBE5E2149342F00646224 /* Bindable.swift */,
			);
			name = "Supporting Files";
			sourceTree = "<group>";
		};
		607FACE81AFB9204008FA782 /* Tests */ = {
			isa = PBXGroup;
			children = (
				607FACEB1AFB9204008FA782 /* Tests.swift */,
				607FACE91AFB9204008FA782 /* Supporting Files */,
			);
			path = Tests;
			sourceTree = "<group>";
		};
		607FACE91AFB9204008FA782 /* Supporting Files */ = {
			isa = PBXGroup;
			children = (
				607FACEA1AFB9204008FA782 /* Info.plist */,
			);
			name = "Supporting Files";
			sourceTree = "<group>";
		};
		607FACF51AFB993E008FA782 /* Podspec Metadata */ = {
			isa = PBXGroup;
			children = (
				755F42DFD84DF55132A6697E /* JABLE.podspec */,
				2B97B3E01228C17BEA9ACA8A /* README.md */,
				C48E591B0D127861D29AE2E1 /* LICENSE */,
			);
			name = "Podspec Metadata";
			sourceTree = "<group>";
		};
		E01A7F27214D847200271C14 /* Peripheral Scan View */ = {
			isa = PBXGroup;
			children = (
				E01A7F29214D84AA00271C14 /* View Model */,
				E01A7F28214D849D00271C14 /* View Controller */,
			);
			path = "Peripheral Scan View";
			sourceTree = "<group>";
		};
		E01A7F28214D849D00271C14 /* View Controller */ = {
			isa = PBXGroup;
			children = (
				E01A7F25214D846A00271C14 /* PeripheralScanViewController.swift */,
			);
			path = "View Controller";
			sourceTree = "<group>";
		};
		E01A7F29214D84AA00271C14 /* View Model */ = {
			isa = PBXGroup;
			children = (
				E01A7F2A214D84C000271C14 /* PeripheralScanViewModel.swift */,
			);
			path = "View Model";
			sourceTree = "<group>";
		};
		E01A7F3F214D8A5500271C14 /* Home View */ = {
			isa = PBXGroup;
			children = (
				E01A7F53214DAA2F00271C14 /* View Controller */,
			);
			path = "Home View";
			sourceTree = "<group>";
		};
		E01A7F43214DA43D00271C14 /* AppNavigation */ = {
			isa = PBXGroup;
			children = (
				E01A7F44214DA49E00271C14 /* AppNavigationController.swift */,
				E01A7F46214DA4E600271C14 /* MenuLevelController.swift */,
				E01A7F48214DA52E00271C14 /* SideNavigationViewController.swift */,
				E01A7F4A214DA5B500271C14 /* SideNavigationTableViewCell.swift */,
			);
			path = AppNavigation;
			sourceTree = "<group>";
		};
		E01A7F52214DAA1C00271C14 /* Gatt Profile View */ = {
			isa = PBXGroup;
			children = (
				E01A7F54214FD20900271C14 /* View Controller */,
			);
			path = "Gatt Profile View";
			sourceTree = "<group>";
		};
		E01A7F53214DAA2F00271C14 /* View Controller */ = {
			isa = PBXGroup;
			children = (
				E01A7F4E214DA70900271C14 /* HomeViewController.swift */,
			);
			path = "View Controller";
			sourceTree = "<group>";
		};
		E01A7F54214FD20900271C14 /* View Controller */ = {
			isa = PBXGroup;
			children = (
				E01A7F55214FD21C00271C14 /* GattProfileViewController.swift */,
			);
			path = "View Controller";
			sourceTree = "<group>";
		};
		E03BC7E0214AB8F800291840 /* MVVM */ = {
			isa = PBXGroup;
			children = (
				E01A7F3F214D8A5500271C14 /* Home View */,
				E01A7F27214D847200271C14 /* Peripheral Scan View */,
				E01A7F52214DAA1C00271C14 /* Gatt Profile View */,
			);
			path = MVVM;
			sourceTree = "<group>";
		};
		E0ECBE6A214957AE00646224 /* JableUI */ = {
			isa = PBXGroup;
			children = (
				E0ECBE6B214957E700646224 /* JableTableViewCell.swift */,
				E05B92EF21495FE200815B41 /* JableCollectionViewManager.swift */,
				E03BC7E1214ABCD400291840 /* JablePlotView.swift */,
				E03BC7E3214AF43E00291840 /* ScatterPlotController.swift */,
				E03BC7E8214C32E100291840 /* JablePlotStyles.swift */,
			);
			name = JableUI;
			sourceTree = "<group>";
		};
		E0F35E10214AAADC0032F8F7 /* Extensions */ = {
			isa = PBXGroup;
			children = (
				E0DEB636214AAB6600A743D8 /* ColorExtensions.swift */,
			);
			name = Extensions;
			sourceTree = "<group>";
		};
/* End PBXGroup section */

/* Begin PBXNativeTarget section */
		607FACCF1AFB9204008FA782 /* JABLE_Example */ = {
			isa = PBXNativeTarget;
			buildConfigurationList = 607FACEF1AFB9204008FA782 /* Build configuration list for PBXNativeTarget "JABLE_Example" */;
			buildPhases = (
				2FEBEA5BFF8B549E50C73E64 /* [CP] Check Pods Manifest.lock */,
				607FACCC1AFB9204008FA782 /* Sources */,
				607FACCD1AFB9204008FA782 /* Frameworks */,
				607FACCE1AFB9204008FA782 /* Resources */,
				85AB84634681A733AC9D74AE /* [CP] Embed Pods Frameworks */,
			);
			buildRules = (
			);
			dependencies = (
			);
			name = JABLE_Example;
			productName = JABLE;
			productReference = 607FACD01AFB9204008FA782 /* JABLE_Example.app */;
			productType = "com.apple.product-type.application";
		};
		607FACE41AFB9204008FA782 /* JABLE_Tests */ = {
			isa = PBXNativeTarget;
			buildConfigurationList = 607FACF21AFB9204008FA782 /* Build configuration list for PBXNativeTarget "JABLE_Tests" */;
			buildPhases = (
				4A0A25634A87E850DF721518 /* [CP] Check Pods Manifest.lock */,
				607FACE11AFB9204008FA782 /* Sources */,
				607FACE21AFB9204008FA782 /* Frameworks */,
				607FACE31AFB9204008FA782 /* Resources */,
			);
			buildRules = (
			);
			dependencies = (
				607FACE71AFB9204008FA782 /* PBXTargetDependency */,
			);
			name = JABLE_Tests;
			productName = Tests;
			productReference = 607FACE51AFB9204008FA782 /* JABLE_Tests.xctest */;
			productType = "com.apple.product-type.bundle.unit-test";
		};
/* End PBXNativeTarget section */

/* Begin PBXProject section */
		607FACC81AFB9204008FA782 /* Project object */ = {
			isa = PBXProject;
			attributes = {
				LastSwiftUpdateCheck = 0830;
				LastUpgradeCheck = 0830;
				ORGANIZATIONNAME = CocoaPods;
				TargetAttributes = {
					607FACCF1AFB9204008FA782 = {
						CreatedOnToolsVersion = 6.3.1;
						DevelopmentTeam = 7NFJS9H6QK;
						LastSwiftMigration = 0900;
					};
					607FACE41AFB9204008FA782 = {
						CreatedOnToolsVersion = 6.3.1;
						DevelopmentTeam = 7NFJS9H6QK;
						LastSwiftMigration = 0900;
						TestTargetID = 607FACCF1AFB9204008FA782;
					};
				};
			};
			buildConfigurationList = 607FACCB1AFB9204008FA782 /* Build configuration list for PBXProject "JABLE" */;
			compatibilityVersion = "Xcode 3.2";
			developmentRegion = English;
			hasScannedForEncodings = 0;
			knownRegions = (
				en,
				Base,
			);
			mainGroup = 607FACC71AFB9204008FA782;
			productRefGroup = 607FACD11AFB9204008FA782 /* Products */;
			projectDirPath = "";
			projectRoot = "";
			targets = (
				607FACCF1AFB9204008FA782 /* JABLE_Example */,
				607FACE41AFB9204008FA782 /* JABLE_Tests */,
			);
		};
/* End PBXProject section */

/* Begin PBXResourcesBuildPhase section */
		607FACCE1AFB9204008FA782 /* Resources */ = {
			isa = PBXResourcesBuildPhase;
			buildActionMask = 2147483647;
			files = (
				607FACDB1AFB9204008FA782 /* Main.storyboard in Resources */,
				607FACE01AFB9204008FA782 /* LaunchScreen.xib in Resources */,
				607FACDD1AFB9204008FA782 /* Images.xcassets in Resources */,
			);
			runOnlyForDeploymentPostprocessing = 0;
		};
		607FACE31AFB9204008FA782 /* Resources */ = {
			isa = PBXResourcesBuildPhase;
			buildActionMask = 2147483647;
			files = (
			);
			runOnlyForDeploymentPostprocessing = 0;
		};
/* End PBXResourcesBuildPhase section */

/* Begin PBXShellScriptBuildPhase section */
		2FEBEA5BFF8B549E50C73E64 /* [CP] Check Pods Manifest.lock */ = {
			isa = PBXShellScriptBuildPhase;
			buildActionMask = 2147483647;
			files = (
			);
			inputPaths = (
				"${PODS_PODFILE_DIR_PATH}/Podfile.lock",
				"${PODS_ROOT}/Manifest.lock",
			);
			name = "[CP] Check Pods Manifest.lock";
			outputPaths = (
				"$(DERIVED_FILE_DIR)/Pods-JABLE_Example-checkManifestLockResult.txt",
			);
			runOnlyForDeploymentPostprocessing = 0;
			shellPath = /bin/sh;
			shellScript = "diff \"${PODS_PODFILE_DIR_PATH}/Podfile.lock\" \"${PODS_ROOT}/Manifest.lock\" > /dev/null\nif [ $? != 0 ] ; then\n    # print error to STDERR\n    echo \"error: The sandbox is not in sync with the Podfile.lock. Run 'pod install' or update your CocoaPods installation.\" >&2\n    exit 1\nfi\n# This output is used by Xcode 'outputs' to avoid re-running this script phase.\necho \"SUCCESS\" > \"${SCRIPT_OUTPUT_FILE_0}\"\n";
			showEnvVarsInLog = 0;
		};
		4A0A25634A87E850DF721518 /* [CP] Check Pods Manifest.lock */ = {
			isa = PBXShellScriptBuildPhase;
			buildActionMask = 2147483647;
			files = (
			);
			inputPaths = (
				"${PODS_PODFILE_DIR_PATH}/Podfile.lock",
				"${PODS_ROOT}/Manifest.lock",
			);
			name = "[CP] Check Pods Manifest.lock";
			outputPaths = (
				"$(DERIVED_FILE_DIR)/Pods-JABLE_Tests-checkManifestLockResult.txt",
			);
			runOnlyForDeploymentPostprocessing = 0;
			shellPath = /bin/sh;
			shellScript = "diff \"${PODS_PODFILE_DIR_PATH}/Podfile.lock\" \"${PODS_ROOT}/Manifest.lock\" > /dev/null\nif [ $? != 0 ] ; then\n    # print error to STDERR\n    echo \"error: The sandbox is not in sync with the Podfile.lock. Run 'pod install' or update your CocoaPods installation.\" >&2\n    exit 1\nfi\n# This output is used by Xcode 'outputs' to avoid re-running this script phase.\necho \"SUCCESS\" > \"${SCRIPT_OUTPUT_FILE_0}\"\n";
			showEnvVarsInLog = 0;
		};
		85AB84634681A733AC9D74AE /* [CP] Embed Pods Frameworks */ = {
			isa = PBXShellScriptBuildPhase;
			buildActionMask = 2147483647;
			files = (
			);
			inputPaths = (
				"${SRCROOT}/Pods/Target Support Files/Pods-JABLE_Example/Pods-JABLE_Example-frameworks.sh",
				"${BUILT_PRODUCTS_DIR}/CorePlot/CorePlot.framework",
				"${BUILT_PRODUCTS_DIR}/JABLE/JABLE.framework",
			);
			name = "[CP] Embed Pods Frameworks";
			outputPaths = (
				"${TARGET_BUILD_DIR}/${FRAMEWORKS_FOLDER_PATH}/CorePlot.framework",
				"${TARGET_BUILD_DIR}/${FRAMEWORKS_FOLDER_PATH}/JABLE.framework",
			);
			runOnlyForDeploymentPostprocessing = 0;
			shellPath = /bin/sh;
			shellScript = "\"${SRCROOT}/Pods/Target Support Files/Pods-JABLE_Example/Pods-JABLE_Example-frameworks.sh\"\n";
			showEnvVarsInLog = 0;
		};
/* End PBXShellScriptBuildPhase section */

/* Begin PBXSourcesBuildPhase section */
		607FACCC1AFB9204008FA782 /* Sources */ = {
			isa = PBXSourcesBuildPhase;
			buildActionMask = 2147483647;
			files = (
				E01A7F26214D846A00271C14 /* PeripheralScanViewController.swift in Sources */,
				E0ECBE5F2149342F00646224 /* Bindable.swift in Sources */,
				E03BC7E9214C32E200291840 /* JablePlotStyles.swift in Sources */,
				E05D1EF520654B0800E9385A /* GattExample.swift in Sources */,
				E01A7F56214FD21C00271C14 /* GattProfileViewController.swift in Sources */,
				E05B92F021495FE200815B41 /* JableCollectionViewManager.swift in Sources */,
				E01A7F47214DA4E600271C14 /* MenuLevelController.swift in Sources */,
				E01A7F4B214DA5B500271C14 /* SideNavigationTableViewCell.swift in Sources */,
				E01A7F2B214D84C000271C14 /* PeripheralScanViewModel.swift in Sources */,
				607FACD81AFB9204008FA782 /* ViewController.swift in Sources */,
				E03BC7E4214AF43E00291840 /* ScatterPlotController.swift in Sources */,
				E0A4301E204A03640008F6F0 /* BLEManager.swift in Sources */,
				E01A7F45214DA49E00271C14 /* AppNavigationController.swift in Sources */,
				E0DEB637214AAB6600A743D8 /* ColorExtensions.swift in Sources */,
				E05B92F4214979BD00815B41 /* DeviceDiscoveryViewModel.swift in Sources */,
				E01A7F4F214DA70900271C14 /* HomeViewController.swift in Sources */,
				E01A7F49214DA52E00271C14 /* SideNavigationViewController.swift in Sources */,
				E0ECBE6C214957E700646224 /* JableTableViewCell.swift in Sources */,
				E03BC7E2214ABCD400291840 /* JablePlotView.swift in Sources */,
				607FACD61AFB9204008FA782 /* AppDelegate.swift in Sources */,
			);
			runOnlyForDeploymentPostprocessing = 0;
		};
		607FACE11AFB9204008FA782 /* Sources */ = {
			isa = PBXSourcesBuildPhase;
			buildActionMask = 2147483647;
			files = (
				607FACEC1AFB9204008FA782 /* Tests.swift in Sources */,
				E03BC7E5214AF54400291840 /* ScatterPlotController.swift in Sources */,
			);
			runOnlyForDeploymentPostprocessing = 0;
		};
/* End PBXSourcesBuildPhase section */

/* Begin PBXTargetDependency section */
		607FACE71AFB9204008FA782 /* PBXTargetDependency */ = {
			isa = PBXTargetDependency;
			target = 607FACCF1AFB9204008FA782 /* JABLE_Example */;
			targetProxy = 607FACE61AFB9204008FA782 /* PBXContainerItemProxy */;
		};
/* End PBXTargetDependency section */

/* Begin PBXVariantGroup section */
		607FACD91AFB9204008FA782 /* Main.storyboard */ = {
			isa = PBXVariantGroup;
			children = (
				607FACDA1AFB9204008FA782 /* Base */,
			);
			name = Main.storyboard;
			sourceTree = "<group>";
		};
		607FACDE1AFB9204008FA782 /* LaunchScreen.xib */ = {
			isa = PBXVariantGroup;
			children = (
				607FACDF1AFB9204008FA782 /* Base */,
			);
			name = LaunchScreen.xib;
			sourceTree = "<group>";
		};
/* End PBXVariantGroup section */

/* Begin XCBuildConfiguration section */
		607FACED1AFB9204008FA782 /* Debug */ = {
			isa = XCBuildConfiguration;
			buildSettings = {
				ALWAYS_SEARCH_USER_PATHS = NO;
				CLANG_CXX_LANGUAGE_STANDARD = "gnu++0x";
				CLANG_CXX_LIBRARY = "libc++";
				CLANG_ENABLE_MODULES = YES;
				CLANG_ENABLE_OBJC_ARC = YES;
				CLANG_WARN_BLOCK_CAPTURE_AUTORELEASING = YES;
				CLANG_WARN_BOOL_CONVERSION = YES;
				CLANG_WARN_COMMA = YES;
				CLANG_WARN_CONSTANT_CONVERSION = YES;
				CLANG_WARN_DIRECT_OBJC_ISA_USAGE = YES_ERROR;
				CLANG_WARN_EMPTY_BODY = YES;
				CLANG_WARN_ENUM_CONVERSION = YES;
				CLANG_WARN_INFINITE_RECURSION = YES;
				CLANG_WARN_INT_CONVERSION = YES;
				CLANG_WARN_NON_LITERAL_NULL_CONVERSION = YES;
				CLANG_WARN_OBJC_LITERAL_CONVERSION = YES;
				CLANG_WARN_OBJC_ROOT_CLASS = YES_ERROR;
				CLANG_WARN_RANGE_LOOP_ANALYSIS = YES;
				CLANG_WARN_STRICT_PROTOTYPES = YES;
				CLANG_WARN_SUSPICIOUS_MOVE = YES;
				CLANG_WARN_UNREACHABLE_CODE = YES;
				CLANG_WARN__DUPLICATE_METHOD_MATCH = YES;
				"CODE_SIGN_IDENTITY[sdk=iphoneos*]" = "iPhone Developer";
				COPY_PHASE_STRIP = NO;
				DEBUG_INFORMATION_FORMAT = "dwarf-with-dsym";
				ENABLE_STRICT_OBJC_MSGSEND = YES;
				ENABLE_TESTABILITY = YES;
				GCC_C_LANGUAGE_STANDARD = gnu99;
				GCC_DYNAMIC_NO_PIC = NO;
				GCC_NO_COMMON_BLOCKS = YES;
				GCC_OPTIMIZATION_LEVEL = 0;
				GCC_PREPROCESSOR_DEFINITIONS = (
					"DEBUG=1",
					"$(inherited)",
				);
				GCC_SYMBOLS_PRIVATE_EXTERN = NO;
				GCC_WARN_64_TO_32_BIT_CONVERSION = YES;
				GCC_WARN_ABOUT_RETURN_TYPE = YES_ERROR;
				GCC_WARN_UNDECLARED_SELECTOR = YES;
				GCC_WARN_UNINITIALIZED_AUTOS = YES_AGGRESSIVE;
				GCC_WARN_UNUSED_FUNCTION = YES;
				GCC_WARN_UNUSED_VARIABLE = YES;
				IPHONEOS_DEPLOYMENT_TARGET = 9.3;
				MTL_ENABLE_DEBUG_INFO = YES;
				ONLY_ACTIVE_ARCH = YES;
				SDKROOT = iphoneos;
				SWIFT_OPTIMIZATION_LEVEL = "-Onone";
				SWIFT_VERSION = 4.0;
			};
			name = Debug;
		};
		607FACEE1AFB9204008FA782 /* Release */ = {
			isa = XCBuildConfiguration;
			buildSettings = {
				ALWAYS_SEARCH_USER_PATHS = NO;
				CLANG_CXX_LANGUAGE_STANDARD = "gnu++0x";
				CLANG_CXX_LIBRARY = "libc++";
				CLANG_ENABLE_MODULES = YES;
				CLANG_ENABLE_OBJC_ARC = YES;
				CLANG_WARN_BLOCK_CAPTURE_AUTORELEASING = YES;
				CLANG_WARN_BOOL_CONVERSION = YES;
				CLANG_WARN_COMMA = YES;
				CLANG_WARN_CONSTANT_CONVERSION = YES;
				CLANG_WARN_DIRECT_OBJC_ISA_USAGE = YES_ERROR;
				CLANG_WARN_EMPTY_BODY = YES;
				CLANG_WARN_ENUM_CONVERSION = YES;
				CLANG_WARN_INFINITE_RECURSION = YES;
				CLANG_WARN_INT_CONVERSION = YES;
				CLANG_WARN_NON_LITERAL_NULL_CONVERSION = YES;
				CLANG_WARN_OBJC_LITERAL_CONVERSION = YES;
				CLANG_WARN_OBJC_ROOT_CLASS = YES_ERROR;
				CLANG_WARN_RANGE_LOOP_ANALYSIS = YES;
				CLANG_WARN_STRICT_PROTOTYPES = YES;
				CLANG_WARN_SUSPICIOUS_MOVE = YES;
				CLANG_WARN_UNREACHABLE_CODE = YES;
				CLANG_WARN__DUPLICATE_METHOD_MATCH = YES;
				"CODE_SIGN_IDENTITY[sdk=iphoneos*]" = "iPhone Developer";
				COPY_PHASE_STRIP = NO;
				DEBUG_INFORMATION_FORMAT = "dwarf-with-dsym";
				ENABLE_NS_ASSERTIONS = NO;
				ENABLE_STRICT_OBJC_MSGSEND = YES;
				GCC_C_LANGUAGE_STANDARD = gnu99;
				GCC_NO_COMMON_BLOCKS = YES;
				GCC_WARN_64_TO_32_BIT_CONVERSION = YES;
				GCC_WARN_ABOUT_RETURN_TYPE = YES_ERROR;
				GCC_WARN_UNDECLARED_SELECTOR = YES;
				GCC_WARN_UNINITIALIZED_AUTOS = YES_AGGRESSIVE;
				GCC_WARN_UNUSED_FUNCTION = YES;
				GCC_WARN_UNUSED_VARIABLE = YES;
				IPHONEOS_DEPLOYMENT_TARGET = 9.3;
				MTL_ENABLE_DEBUG_INFO = NO;
				SDKROOT = iphoneos;
				SWIFT_OPTIMIZATION_LEVEL = "-Owholemodule";
				SWIFT_VERSION = 4.0;
				VALIDATE_PRODUCT = YES;
			};
			name = Release;
		};
		607FACF01AFB9204008FA782 /* Debug */ = {
			isa = XCBuildConfiguration;
			baseConfigurationReference = 10A9D40C981FE99CE6F27AD1 /* Pods-JABLE_Example.debug.xcconfig */;
			buildSettings = {
				ASSETCATALOG_COMPILER_APPICON_NAME = AppIcon;
				DEVELOPMENT_TEAM = 7NFJS9H6QK;
				INFOPLIST_FILE = JABLE/Info.plist;
				LD_RUNPATH_SEARCH_PATHS = "$(inherited) @executable_path/Frameworks";
				MODULE_NAME = ExampleApp;
				PRODUCT_BUNDLE_IDENTIFIER = "org.cocoapods.demo.$(PRODUCT_NAME:rfc1034identifier)";
				PRODUCT_NAME = "$(TARGET_NAME)";
				SWIFT_SWIFT3_OBJC_INFERENCE = Default;
				SWIFT_VERSION = 4.0;
			};
			name = Debug;
		};
		607FACF11AFB9204008FA782 /* Release */ = {
			isa = XCBuildConfiguration;
			baseConfigurationReference = AB861AC1599CEF598F3F7AB7 /* Pods-JABLE_Example.release.xcconfig */;
			buildSettings = {
				ASSETCATALOG_COMPILER_APPICON_NAME = AppIcon;
				DEVELOPMENT_TEAM = 7NFJS9H6QK;
				INFOPLIST_FILE = JABLE/Info.plist;
				LD_RUNPATH_SEARCH_PATHS = "$(inherited) @executable_path/Frameworks";
				MODULE_NAME = ExampleApp;
				PRODUCT_BUNDLE_IDENTIFIER = "org.cocoapods.demo.$(PRODUCT_NAME:rfc1034identifier)";
				PRODUCT_NAME = "$(TARGET_NAME)";
				SWIFT_SWIFT3_OBJC_INFERENCE = Default;
				SWIFT_VERSION = 4.0;
			};
			name = Release;
		};
		607FACF31AFB9204008FA782 /* Debug */ = {
			isa = XCBuildConfiguration;
			baseConfigurationReference = F277B0CE5E00AB8DA00BF97F /* Pods-JABLE_Tests.debug.xcconfig */;
			buildSettings = {
				DEVELOPMENT_TEAM = 7NFJS9H6QK;
				FRAMEWORK_SEARCH_PATHS = (
					"$(SDKROOT)/Developer/Library/Frameworks",
					"$(inherited)",
				);
				GCC_PREPROCESSOR_DEFINITIONS = (
					"DEBUG=1",
					"$(inherited)",
				);
				INFOPLIST_FILE = Tests/Info.plist;
				LD_RUNPATH_SEARCH_PATHS = "$(inherited) @executable_path/Frameworks @loader_path/Frameworks";
				PRODUCT_BUNDLE_IDENTIFIER = "org.cocoapods.$(PRODUCT_NAME:rfc1034identifier)";
				PRODUCT_NAME = "$(TARGET_NAME)";
				SWIFT_SWIFT3_OBJC_INFERENCE = Default;
				SWIFT_VERSION = 4.0;
			};
			name = Debug;
		};
		607FACF41AFB9204008FA782 /* Release */ = {
			isa = XCBuildConfiguration;
			baseConfigurationReference = 750479AEA23B4AD50EC2FB43 /* Pods-JABLE_Tests.release.xcconfig */;
			buildSettings = {
				DEVELOPMENT_TEAM = 7NFJS9H6QK;
				FRAMEWORK_SEARCH_PATHS = (
					"$(SDKROOT)/Developer/Library/Frameworks",
					"$(inherited)",
				);
				INFOPLIST_FILE = Tests/Info.plist;
				LD_RUNPATH_SEARCH_PATHS = "$(inherited) @executable_path/Frameworks @loader_path/Frameworks";
				PRODUCT_BUNDLE_IDENTIFIER = "org.cocoapods.$(PRODUCT_NAME:rfc1034identifier)";
				PRODUCT_NAME = "$(TARGET_NAME)";
				SWIFT_SWIFT3_OBJC_INFERENCE = Default;
				SWIFT_VERSION = 4.0;
			};
			name = Release;
		};
/* End XCBuildConfiguration section */

/* Begin XCConfigurationList section */
		607FACCB1AFB9204008FA782 /* Build configuration list for PBXProject "JABLE" */ = {
			isa = XCConfigurationList;
			buildConfigurations = (
				607FACED1AFB9204008FA782 /* Debug */,
				607FACEE1AFB9204008FA782 /* Release */,
			);
			defaultConfigurationIsVisible = 0;
			defaultConfigurationName = Release;
		};
		607FACEF1AFB9204008FA782 /* Build configuration list for PBXNativeTarget "JABLE_Example" */ = {
			isa = XCConfigurationList;
			buildConfigurations = (
				607FACF01AFB9204008FA782 /* Debug */,
				607FACF11AFB9204008FA782 /* Release */,
			);
			defaultConfigurationIsVisible = 0;
			defaultConfigurationName = Release;
		};
		607FACF21AFB9204008FA782 /* Build configuration list for PBXNativeTarget "JABLE_Tests" */ = {
			isa = XCConfigurationList;
			buildConfigurations = (
				607FACF31AFB9204008FA782 /* Debug */,
				607FACF41AFB9204008FA782 /* Release */,
			);
			defaultConfigurationIsVisible = 0;
			defaultConfigurationName = Release;
		};
/* End XCConfigurationList section */
	};
	rootObject = 607FACC81AFB9204008FA782 /* Project object */;
}
